
Microsoft Visual Studio Solution File, Format Version 12.00
# Visual Studio 15
VisualStudioVersion = 15.0.27703.2035
MinimumVisualStudioVersion = 10.0.40219.1
Project("{9A19103F-16F7-4668-BE54-9A1E7A4F7556}") = "dotnet-core-tutorial", "dotnet-core-tutorial.csproj", "{F7750470-A28C-433A-9202-C35674A69C4B}"
EndProject
Global
	GlobalSection(SolutionConfigurationPlatforms) = preSolution
		Debug|Any CPU = Debug|Any CPU
		Release|Any CPU = Release|Any CPU
	EndGlobalSection
	GlobalSection(ProjectConfigurationPlatforms) = postSolution
		{F7750470-A28C-433A-9202-C35674A69C4B}.Debug|Any CPU.ActiveCfg = Debug|Any CPU
		{F7750470-A28C-433A-9202-C35674A69C4B}.Debug|Any CPU.Build.0 = Debug|Any CPU
		{F7750470-A28C-433A-9202-C35674A69C4B}.Release|Any CPU.ActiveCfg = Release|Any CPU
		{F7750470-A28C-433A-9202-C35674A69C4B}.Release|Any CPU.Build.0 = Release|Any CPU
	EndGlobalSection
	GlobalSection(SolutionProperties) = preSolution
		HideSolutionNode = FALSE
	EndGlobalSection
	GlobalSection(ExtensibilityGlobals) = postSolution
		SolutionGuid = {F8A0C15E-3B0A-4AEB-84DD-A6C03A6F5754}
	EndGlobalSection
EndGlobal
